// !$*UTF8*$!
{
	archiveVersion = 1;
	classes = {
	};
	objectVersion = 56;
	objects = {

/* Begin PBXBuildFile section */
		AC3636CD2AFBA68900A0A19C /* RickAndMortyWithAppIntentsApp.swift in Sources */ = {isa = PBXBuildFile; fileRef = AC3636CC2AFBA68900A0A19C /* RickAndMortyWithAppIntentsApp.swift */; };
		AC3636D12AFBA68A00A0A19C /* Assets.xcassets in Resources */ = {isa = PBXBuildFile; fileRef = AC3636D02AFBA68A00A0A19C /* Assets.xcassets */; };
		AC3636D42AFBA68A00A0A19C /* Preview Assets.xcassets in Resources */ = {isa = PBXBuildFile; fileRef = AC3636D32AFBA68A00A0A19C /* Preview Assets.xcassets */; };
		AC3636DD2AFBA70400A0A19C /* CharacterResponse.swift in Sources */ = {isa = PBXBuildFile; fileRef = AC3636DC2AFBA70400A0A19C /* CharacterResponse.swift */; };
		AC3636DF2AFBA71800A0A19C /* Character.swift in Sources */ = {isa = PBXBuildFile; fileRef = AC3636DE2AFBA71800A0A19C /* Character.swift */; };
		AC3636E12AFBA72E00A0A19C /* Location.swift in Sources */ = {isa = PBXBuildFile; fileRef = AC3636E02AFBA72E00A0A19C /* Location.swift */; };
		AC3636E42AFBA77000A0A19C /* CharacterListViewModel.swift in Sources */ = {isa = PBXBuildFile; fileRef = AC3636E32AFBA77000A0A19C /* CharacterListViewModel.swift */; };
		AC3636E72AFBA79400A0A19C /* CharacterListView.swift in Sources */ = {isa = PBXBuildFile; fileRef = AC3636E62AFBA79400A0A19C /* CharacterListView.swift */; };
		AC3636EA2AFBA7B800A0A19C /* Service.swift in Sources */ = {isa = PBXBuildFile; fileRef = AC3636E92AFBA7B800A0A19C /* Service.swift */; };
		AC8DF8F02B022B96005E47C3 /* OpenAppIntent.swift in Sources */ = {isa = PBXBuildFile; fileRef = AC8DF8EF2B022B96005E47C3 /* OpenAppIntent.swift */; };
		AC8DF8F22B022BC0005E47C3 /* FindCharacterIntent.swift in Sources */ = {isa = PBXBuildFile; fileRef = AC8DF8F12B022BC0005E47C3 /* FindCharacterIntent.swift */; };
		AC8DF8F42B022BE9005E47C3 /* ShortcutsProvider.swift in Sources */ = {isa = PBXBuildFile; fileRef = AC8DF8F32B022BE9005E47C3 /* ShortcutsProvider.swift */; };
/* End PBXBuildFile section */

/* Begin PBXFileReference section */
		AC3636C92AFBA68900A0A19C /* RickAndMortyWithAppIntents.app */ = {isa = PBXFileReference; explicitFileType = wrapper.application; includeInIndex = 0; path = RickAndMortyWithAppIntents.app; sourceTree = BUILT_PRODUCTS_DIR; };
		AC3636CC2AFBA68900A0A19C /* RickAndMortyWithAppIntentsApp.swift */ = {isa = PBXFileReference; lastKnownFileType = sourcecode.swift; path = RickAndMortyWithAppIntentsApp.swift; sourceTree = "<group>"; };
		AC3636D02AFBA68A00A0A19C /* Assets.xcassets */ = {isa = PBXFileReference; lastKnownFileType = folder.assetcatalog; path = Assets.xcassets; sourceTree = "<group>"; };
		AC3636D32AFBA68A00A0A19C /* Preview Assets.xcassets */ = {isa = PBXFileReference; lastKnownFileType = folder.assetcatalog; path = "Preview Assets.xcassets"; sourceTree = "<group>"; };
		AC3636DC2AFBA70400A0A19C /* CharacterResponse.swift */ = {isa = PBXFileReference; lastKnownFileType = sourcecode.swift; path = CharacterResponse.swift; sourceTree = "<group>"; };
		AC3636DE2AFBA71800A0A19C /* Character.swift */ = {isa = PBXFileReference; lastKnownFileType = sourcecode.swift; path = Character.swift; sourceTree = "<group>"; };
		AC3636E02AFBA72E00A0A19C /* Location.swift */ = {isa = PBXFileReference; lastKnownFileType = sourcecode.swift; path = Location.swift; sourceTree = "<group>"; };
		AC3636E32AFBA77000A0A19C /* CharacterListViewModel.swift */ = {isa = PBXFileReference; lastKnownFileType = sourcecode.swift; path = CharacterListViewModel.swift; sourceTree = "<group>"; };
		AC3636E62AFBA79400A0A19C /* CharacterListView.swift */ = {isa = PBXFileReference; lastKnownFileType = sourcecode.swift; path = CharacterListView.swift; sourceTree = "<group>"; };
		AC3636E92AFBA7B800A0A19C /* Service.swift */ = {isa = PBXFileReference; lastKnownFileType = sourcecode.swift; path = Service.swift; sourceTree = "<group>"; };
		AC8DF8EB2B02258B005E47C3 /* RickAndMortyWithAppIntentsRelease.entitlements */ = {isa = PBXFileReference; lastKnownFileType = text.plist.entitlements; path = RickAndMortyWithAppIntentsRelease.entitlements; sourceTree = "<group>"; };
		AC8DF8EC2B022642005E47C3 /* Info.plist */ = {isa = PBXFileReference; lastKnownFileType = text.plist; path = Info.plist; sourceTree = "<group>"; };
		AC8DF8EF2B022B96005E47C3 /* OpenAppIntent.swift */ = {isa = PBXFileReference; lastKnownFileType = sourcecode.swift; path = OpenAppIntent.swift; sourceTree = "<group>"; };
		AC8DF8F12B022BC0005E47C3 /* FindCharacterIntent.swift */ = {isa = PBXFileReference; lastKnownFileType = sourcecode.swift; path = FindCharacterIntent.swift; sourceTree = "<group>"; };
		AC8DF8F32B022BE9005E47C3 /* ShortcutsProvider.swift */ = {isa = PBXFileReference; lastKnownFileType = sourcecode.swift; path = ShortcutsProvider.swift; sourceTree = "<group>"; };
/* End PBXFileReference section */

/* Begin PBXFrameworksBuildPhase section */
		AC3636C62AFBA68900A0A19C /* Frameworks */ = {
			isa = PBXFrameworksBuildPhase;
			buildActionMask = 2147483647;
			files = (
			);
			runOnlyForDeploymentPostprocessing = 0;
		};
/* End PBXFrameworksBuildPhase section */

/* Begin PBXGroup section */
		AC3636C02AFBA68900A0A19C = {
			isa = PBXGroup;
			children = (
				AC3636CB2AFBA68900A0A19C /* RickAndMortyWithAppIntents */,
				AC3636CA2AFBA68900A0A19C /* Products */,
			);
			sourceTree = "<group>";
		};
		AC3636CA2AFBA68900A0A19C /* Products */ = {
			isa = PBXGroup;
			children = (
				AC3636C92AFBA68900A0A19C /* RickAndMortyWithAppIntents.app */,
			);
			name = Products;
			sourceTree = "<group>";
		};
		AC3636CB2AFBA68900A0A19C /* RickAndMortyWithAppIntents */ = {
			isa = PBXGroup;
			children = (
				AC8DF8EC2B022642005E47C3 /* Info.plist */,
				AC8DF8EB2B02258B005E47C3 /* RickAndMortyWithAppIntentsRelease.entitlements */,
				AC3636EB2AFBA9B400A0A19C /* AppIntents */,
				AC3636E82AFBA7AF00A0A19C /* Service */,
				AC3636DA2AFBA6F000A0A19C /* CharacterList */,
				AC3636CC2AFBA68900A0A19C /* RickAndMortyWithAppIntentsApp.swift */,
				AC3636D02AFBA68A00A0A19C /* Assets.xcassets */,
				AC3636D22AFBA68A00A0A19C /* Preview Content */,
			);
			path = RickAndMortyWithAppIntents;
			sourceTree = "<group>";
		};
		AC3636D22AFBA68A00A0A19C /* Preview Content */ = {
			isa = PBXGroup;
			children = (
				AC3636D32AFBA68A00A0A19C /* Preview Assets.xcassets */,
			);
			path = "Preview Content";
			sourceTree = "<group>";
		};
		AC3636DA2AFBA6F000A0A19C /* CharacterList */ = {
			isa = PBXGroup;
			children = (
				AC3636E52AFBA78300A0A19C /* Views */,
				AC3636E22AFBA74600A0A19C /* ViewModels */,
				AC3636DB2AFBA6FA00A0A19C /* Models */,
			);
			path = CharacterList;
			sourceTree = "<group>";
		};
		AC3636DB2AFBA6FA00A0A19C /* Models */ = {
			isa = PBXGroup;
			children = (
				AC3636DC2AFBA70400A0A19C /* CharacterResponse.swift */,
				AC3636DE2AFBA71800A0A19C /* Character.swift */,
				AC3636E02AFBA72E00A0A19C /* Location.swift */,
			);
			path = Models;
			sourceTree = "<group>";
		};
		AC3636E22AFBA74600A0A19C /* ViewModels */ = {
			isa = PBXGroup;
			children = (
				AC3636E32AFBA77000A0A19C /* CharacterListViewModel.swift */,
			);
			path = ViewModels;
			sourceTree = "<group>";
		};
		AC3636E52AFBA78300A0A19C /* Views */ = {
			isa = PBXGroup;
			children = (
				AC3636E62AFBA79400A0A19C /* CharacterListView.swift */,
			);
			path = Views;
			sourceTree = "<group>";
		};
		AC3636E82AFBA7AF00A0A19C /* Service */ = {
			isa = PBXGroup;
			children = (
				AC3636E92AFBA7B800A0A19C /* Service.swift */,
			);
			path = Service;
			sourceTree = "<group>";
		};
		AC3636EB2AFBA9B400A0A19C /* AppIntents */ = {
			isa = PBXGroup;
			children = (
				AC8DF8ED2B022B7E005E47C3 /* Intent */,
				AC8DF8F32B022BE9005E47C3 /* ShortcutsProvider.swift */,
			);
			path = AppIntents;
			sourceTree = "<group>";
		};
		AC8DF8ED2B022B7E005E47C3 /* Intent */ = {
			isa = PBXGroup;
			children = (
				AC8DF8EF2B022B96005E47C3 /* OpenAppIntent.swift */,
				AC8DF8F12B022BC0005E47C3 /* FindCharacterIntent.swift */,
			);
			path = Intent;
			sourceTree = "<group>";
		};
/* End PBXGroup section */

/* Begin PBXNativeTarget section */
		AC3636C82AFBA68900A0A19C /* RickAndMortyWithAppIntents */ = {
			isa = PBXNativeTarget;
			buildConfigurationList = AC3636D72AFBA68A00A0A19C /* Build configuration list for PBXNativeTarget "RickAndMortyWithAppIntents" */;
			buildPhases = (
				AC3636C52AFBA68900A0A19C /* Sources */,
				AC3636C62AFBA68900A0A19C /* Frameworks */,
				AC3636C72AFBA68900A0A19C /* Resources */,
			);
			buildRules = (
			);
			dependencies = (
			);
			name = RickAndMortyWithAppIntents;
			productName = RickAndMortyWithAppIntents;
			productReference = AC3636C92AFBA68900A0A19C /* RickAndMortyWithAppIntents.app */;
			productType = "com.apple.product-type.application";
		};
/* End PBXNativeTarget section */

/* Begin PBXProject section */
		AC3636C12AFBA68900A0A19C /* Project object */ = {
			isa = PBXProject;
			attributes = {
				BuildIndependentTargetsInParallel = 1;
				LastSwiftUpdateCheck = 1500;
				LastUpgradeCheck = 1500;
				TargetAttributes = {
					AC3636C82AFBA68900A0A19C = {
						CreatedOnToolsVersion = 15.0.1;
					};
				};
			};
			buildConfigurationList = AC3636C42AFBA68900A0A19C /* Build configuration list for PBXProject "RickAndMortyWithAppIntents" */;
			compatibilityVersion = "Xcode 14.0";
			developmentRegion = en;
			hasScannedForEncodings = 0;
			knownRegions = (
				en,
				Base,
			);
			mainGroup = AC3636C02AFBA68900A0A19C;
			productRefGroup = AC3636CA2AFBA68900A0A19C /* Products */;
			projectDirPath = "";
			projectRoot = "";
			targets = (
				AC3636C82AFBA68900A0A19C /* RickAndMortyWithAppIntents */,
			);
		};
/* End PBXProject section */

/* Begin PBXResourcesBuildPhase section */
		AC3636C72AFBA68900A0A19C /* Resources */ = {
			isa = PBXResourcesBuildPhase;
			buildActionMask = 2147483647;
			files = (
				AC3636D42AFBA68A00A0A19C /* Preview Assets.xcassets in Resources */,
				AC3636D12AFBA68A00A0A19C /* Assets.xcassets in Resources */,
			);
			runOnlyForDeploymentPostprocessing = 0;
		};
/* End PBXResourcesBuildPhase section */

/* Begin PBXSourcesBuildPhase section */
		AC3636C52AFBA68900A0A19C /* Sources */ = {
			isa = PBXSourcesBuildPhase;
			buildActionMask = 2147483647;
			files = (
				AC3636EA2AFBA7B800A0A19C /* Service.swift in Sources */,
				AC3636CD2AFBA68900A0A19C /* RickAndMortyWithAppIntentsApp.swift in Sources */,
				AC8DF8F22B022BC0005E47C3 /* FindCharacterIntent.swift in Sources */,
				AC3636E12AFBA72E00A0A19C /* Location.swift in Sources */,
				AC8DF8F42B022BE9005E47C3 /* ShortcutsProvider.swift in Sources */,
				AC3636DD2AFBA70400A0A19C /* CharacterResponse.swift in Sources */,
				AC8DF8F02B022B96005E47C3 /* OpenAppIntent.swift in Sources */,
				AC3636E72AFBA79400A0A19C /* CharacterListView.swift in Sources */,
				AC3636E42AFBA77000A0A19C /* CharacterListViewModel.swift in Sources */,
				AC3636DF2AFBA71800A0A19C /* Character.swift in Sources */,
			);
			runOnlyForDeploymentPostprocessing = 0;
		};
/* End PBXSourcesBuildPhase section */

/* Begin XCBuildConfiguration section */
		AC3636D52AFBA68A00A0A19C /* Debug */ = {
			isa = XCBuildConfiguration;
			buildSettings = {
				ALWAYS_SEARCH_USER_PATHS = NO;
				ASSETCATALOG_COMPILER_GENERATE_SWIFT_ASSET_SYMBOL_EXTENSIONS = YES;
				CLANG_ANALYZER_NONNULL = YES;
				CLANG_ANALYZER_NUMBER_OBJECT_CONVERSION = YES_AGGRESSIVE;
				CLANG_CXX_LANGUAGE_STANDARD = "gnu++20";
				CLANG_ENABLE_MODULES = YES;
				CLANG_ENABLE_OBJC_ARC = YES;
				CLANG_ENABLE_OBJC_WEAK = YES;
				CLANG_WARN_BLOCK_CAPTURE_AUTORELEASING = YES;
				CLANG_WARN_BOOL_CONVERSION = YES;
				CLANG_WARN_COMMA = YES;
				CLANG_WARN_CONSTANT_CONVERSION = YES;
				CLANG_WARN_DEPRECATED_OBJC_IMPLEMENTATIONS = YES;
				CLANG_WARN_DIRECT_OBJC_ISA_USAGE = YES_ERROR;
				CLANG_WARN_DOCUMENTATION_COMMENTS = YES;
				CLANG_WARN_EMPTY_BODY = YES;
				CLANG_WARN_ENUM_CONVERSION = YES;
				CLANG_WARN_INFINITE_RECURSION = YES;
				CLANG_WARN_INT_CONVERSION = YES;
				CLANG_WARN_NON_LITERAL_NULL_CONVERSION = YES;
				CLANG_WARN_OBJC_IMPLICIT_RETAIN_SELF = YES;
				CLANG_WARN_OBJC_LITERAL_CONVERSION = YES;
				CLANG_WARN_OBJC_ROOT_CLASS = YES_ERROR;
				CLANG_WARN_QUOTED_INCLUDE_IN_FRAMEWORK_HEADER = YES;
				CLANG_WARN_RANGE_LOOP_ANALYSIS = YES;
				CLANG_WARN_STRICT_PROTOTYPES = YES;
				CLANG_WARN_SUSPICIOUS_MOVE = YES;
				CLANG_WARN_UNGUARDED_AVAILABILITY = YES_AGGRESSIVE;
				CLANG_WARN_UNREACHABLE_CODE = YES;
				CLANG_WARN__DUPLICATE_METHOD_MATCH = YES;
				COPY_PHASE_STRIP = NO;
				DEBUG_INFORMATION_FORMAT = dwarf;
				ENABLE_STRICT_OBJC_MSGSEND = YES;
				ENABLE_TESTABILITY = YES;
				ENABLE_USER_SCRIPT_SANDBOXING = YES;
				GCC_C_LANGUAGE_STANDARD = gnu17;
				GCC_DYNAMIC_NO_PIC = NO;
				GCC_NO_COMMON_BLOCKS = YES;
				GCC_OPTIMIZATION_LEVEL = 0;
				GCC_PREPROCESSOR_DEFINITIONS = (
					"DEBUG=1",
					"$(inherited)",
				);
				GCC_WARN_64_TO_32_BIT_CONVERSION = YES;
				GCC_WARN_ABOUT_RETURN_TYPE = YES_ERROR;
				GCC_WARN_UNDECLARED_SELECTOR = YES;
				GCC_WARN_UNINITIALIZED_AUTOS = YES_AGGRESSIVE;
				GCC_WARN_UNUSED_FUNCTION = YES;
				GCC_WARN_UNUSED_VARIABLE = YES;
				IPHONEOS_DEPLOYMENT_TARGET = 17.0;
				LOCALIZATION_PREFERS_STRING_CATALOGS = YES;
				MTL_ENABLE_DEBUG_INFO = INCLUDE_SOURCE;
				MTL_FAST_MATH = YES;
				ONLY_ACTIVE_ARCH = YES;
				SDKROOT = iphoneos;
				SWIFT_ACTIVE_COMPILATION_CONDITIONS = "DEBUG $(inherited)";
				SWIFT_OPTIMIZATION_LEVEL = "-Onone";
			};
			name = Debug;
		};
		AC3636D62AFBA68A00A0A19C /* Release */ = {
			isa = XCBuildConfiguration;
			buildSettings = {
				ALWAYS_SEARCH_USER_PATHS = NO;
				ASSETCATALOG_COMPILER_GENERATE_SWIFT_ASSET_SYMBOL_EXTENSIONS = YES;
				CLANG_ANALYZER_NONNULL = YES;
				CLANG_ANALYZER_NUMBER_OBJECT_CONVERSION = YES_AGGRESSIVE;
				CLANG_CXX_LANGUAGE_STANDARD = "gnu++20";
				CLANG_ENABLE_MODULES = YES;
				CLANG_ENABLE_OBJC_ARC = YES;
				CLANG_ENABLE_OBJC_WEAK = YES;
				CLANG_WARN_BLOCK_CAPTURE_AUTORELEASING = YES;
				CLANG_WARN_BOOL_CONVERSION = YES;
				CLANG_WARN_COMMA = YES;
				CLANG_WARN_CONSTANT_CONVERSION = YES;
				CLANG_WARN_DEPRECATED_OBJC_IMPLEMENTATIONS = YES;
				CLANG_WARN_DIRECT_OBJC_ISA_USAGE = YES_ERROR;
				CLANG_WARN_DOCUMENTATION_COMMENTS = YES;
				CLANG_WARN_EMPTY_BODY = YES;
				CLANG_WARN_ENUM_CONVERSION = YES;
				CLANG_WARN_INFINITE_RECURSION = YES;
				CLANG_WARN_INT_CONVERSION = YES;
				CLANG_WARN_NON_LITERAL_NULL_CONVERSION = YES;
				CLANG_WARN_OBJC_IMPLICIT_RETAIN_SELF = YES;
				CLANG_WARN_OBJC_LITERAL_CONVERSION = YES;
				CLANG_WARN_OBJC_ROOT_CLASS = YES_ERROR;
				CLANG_WARN_QUOTED_INCLUDE_IN_FRAMEWORK_HEADER = YES;
				CLANG_WARN_RANGE_LOOP_ANALYSIS = YES;
				CLANG_WARN_STRICT_PROTOTYPES = YES;
				CLANG_WARN_SUSPICIOUS_MOVE = YES;
				CLANG_WARN_UNGUARDED_AVAILABILITY = YES_AGGRESSIVE;
				CLANG_WARN_UNREACHABLE_CODE = YES;
				CLANG_WARN__DUPLICATE_METHOD_MATCH = YES;
				COPY_PHASE_STRIP = NO;
				DEBUG_INFORMATION_FORMAT = "dwarf-with-dsym";
				ENABLE_NS_ASSERTIONS = NO;
				ENABLE_STRICT_OBJC_MSGSEND = YES;
				ENABLE_USER_SCRIPT_SANDBOXING = YES;
				GCC_C_LANGUAGE_STANDARD = gnu17;
				GCC_NO_COMMON_BLOCKS = YES;
				GCC_WARN_64_TO_32_BIT_CONVERSION = YES;
				GCC_WARN_ABOUT_RETURN_TYPE = YES_ERROR;
				GCC_WARN_UNDECLARED_SELECTOR = YES;
				GCC_WARN_UNINITIALIZED_AUTOS = YES_AGGRESSIVE;
				GCC_WARN_UNUSED_FUNCTION = YES;
				GCC_WARN_UNUSED_VARIABLE = YES;
				IPHONEOS_DEPLOYMENT_TARGET = 17.0;
				LOCALIZATION_PREFERS_STRING_CATALOGS = YES;
				MTL_ENABLE_DEBUG_INFO = NO;
				MTL_FAST_MATH = YES;
				SDKROOT = iphoneos;
				SWIFT_COMPILATION_MODE = wholemodule;
				VALIDATE_PRODUCT = YES;
			};
			name = Release;
		};
		AC3636D82AFBA68A00A0A19C /* Debug */ = {
			isa = XCBuildConfiguration;
			buildSettings = {
				ASSETCATALOG_COMPILER_APPICON_NAME = AppIcon;
				ASSETCATALOG_COMPILER_GLOBAL_ACCENT_COLOR_NAME = AccentColor;
				CODE_SIGN_STYLE = Automatic;
				CURRENT_PROJECT_VERSION = 1;
				DEVELOPMENT_ASSET_PATHS = "\"RickAndMortyWithAppIntents/Preview Content\"";
				DEVELOPMENT_TEAM = T4VS95R2ET;
				ENABLE_PREVIEWS = YES;
				GENERATE_INFOPLIST_FILE = YES;
				INFOPLIST_FILE = RickAndMortyWithAppIntents/Info.plist;
				INFOPLIST_KEY_UIApplicationSceneManifest_Generation = YES;
				INFOPLIST_KEY_UIApplicationSupportsIndirectInputEvents = YES;
				INFOPLIST_KEY_UILaunchScreen_Generation = YES;
				INFOPLIST_KEY_UISupportedInterfaceOrientations_iPad = "UIInterfaceOrientationPortrait UIInterfaceOrientationPortraitUpsideDown UIInterfaceOrientationLandscapeLeft UIInterfaceOrientationLandscapeRight";
				INFOPLIST_KEY_UISupportedInterfaceOrientations_iPhone = "UIInterfaceOrientationPortrait UIInterfaceOrientationLandscapeLeft UIInterfaceOrientationLandscapeRight";
				LD_RUNPATH_SEARCH_PATHS = (
					"$(inherited)",
					"@executable_path/Frameworks",
				);
				MARKETING_VERSION = 1.0;
				PRODUCT_BUNDLE_IDENTIFIER = com.ForTests.RickAndMortyWithAppIntents;
				PRODUCT_NAME = "$(TARGET_NAME)";
				SWIFT_EMIT_LOC_STRINGS = YES;
				SWIFT_VERSION = 5.0;
				TARGETED_DEVICE_FAMILY = "1,2";
			};
			name = Debug;
		};
		AC3636D92AFBA68A00A0A19C /* Release */ = {
			isa = XCBuildConfiguration;
			buildSettings = {
				ASSETCATALOG_COMPILER_APPICON_NAME = AppIcon;
				ASSETCATALOG_COMPILER_GLOBAL_ACCENT_COLOR_NAME = AccentColor;
				CODE_SIGN_ENTITLEMENTS = RickAndMortyWithAppIntents/RickAndMortyWithAppIntentsRelease.entitlements;
				CODE_SIGN_STYLE = Automatic;
				CURRENT_PROJECT_VERSION = 1;
				DEVELOPMENT_ASSET_PATHS = "\"RickAndMortyWithAppIntents/Preview Content\"";
				DEVELOPMENT_TEAM = T4VS95R2ET;
				ENABLE_PREVIEWS = YES;
				GENERATE_INFOPLIST_FILE = YES;
				INFOPLIST_FILE = RickAndMortyWithAppIntents/Info.plist;
				INFOPLIST_KEY_UIApplicationSceneManifest_Generation = YES;
				INFOPLIST_KEY_UIApplicationSupportsIndirectInputEvents = YES;
				INFOPLIST_KEY_UILaunchScreen_Generation = YES;
				INFOPLIST_KEY_UISupportedInterfaceOrientations_iPad = "UIInterfaceOrientationPortrait UIInterfaceOrientationPortraitUpsideDown UIInterfaceOrientationLandscapeLeft UIInterfaceOrientationLandscapeRight";
				INFOPLIST_KEY_UISupportedInterfaceOrientations_iPhone = "UIInterfaceOrientationPortrait UIInterfaceOrientationLandscapeLeft UIInterfaceOrientationLandscapeRight";
				LD_RUNPATH_SEARCH_PATHS = (
					"$(inherited)",
					"@executable_path/Frameworks",
				);
				MARKETING_VERSION = 1.0;
				PRODUCT_BUNDLE_IDENTIFIER = com.ForTests.RickAndMortyWithAppIntents;
				PRODUCT_NAME = "$(TARGET_NAME)";
				SWIFT_EMIT_LOC_STRINGS = YES;
				SWIFT_VERSION = 5.0;
				TARGETED_DEVICE_FAMILY = "1,2";
			};
			name = Release;
		};
/* End XCBuildConfiguration section */

/* Begin XCConfigurationList section */
		AC3636C42AFBA68900A0A19C /* Build configuration list for PBXProject "RickAndMortyWithAppIntents" */ = {
			isa = XCConfigurationList;
			buildConfigurations = (
				AC3636D52AFBA68A00A0A19C /* Debug */,
				AC3636D62AFBA68A00A0A19C /* Release */,
			);
			defaultConfigurationIsVisible = 0;
			defaultConfigurationName = Release;
		};
		AC3636D72AFBA68A00A0A19C /* Build configuration list for PBXNativeTarget "RickAndMortyWithAppIntents" */ = {
			isa = XCConfigurationList;
			buildConfigurations = (
				AC3636D82AFBA68A00A0A19C /* Debug */,
				AC3636D92AFBA68A00A0A19C /* Release */,
			);
			defaultConfigurationIsVisible = 0;
			defaultConfigurationName = Release;
		};
/* End XCConfigurationList section */
	};
	rootObject = AC3636C12AFBA68900A0A19C /* Project object */;
}
